{
  "name": "3-oy-12-dars",
  "version": "1.0.0",
  "lockfileVersion": 2,
  "requires": true,
  "packages": {
    "": {
      "name": "3-oy-12-dars",
      "version": "1.0.0",
      "license": "ISC",
      "dependencies": {
        "@types/prompt-sync": "^4.2.0",
        "http": "^0.0.1-security",
        "prompt-sync": "^4.2.0"
      },
      "devDependencies": {
        "@types/node": "^18.11.10"
      }
    },
    "node_modules/@types/node": {
      "version": "18.11.10",
      "resolved": "https://registry.npmjs.org/@types/node/-/node-18.11.10.tgz",
      "integrity": "sha512-juG3RWMBOqcOuXC643OAdSA525V44cVgGV6dUDuiFtss+8Fk5x1hI93Rsld43VeJVIeqlP9I7Fn9/qaVqoEAuQ==",
      "dev": true
    },
    "node_modules/@types/prompt-sync": {
      "version": "4.2.0",
      "resolved": "https://registry.npmjs.org/@types/prompt-sync/-/prompt-sync-4.2.0.tgz",
      "integrity": "sha512-5RPQYDT7MNkt+vq6xp58tSPx4THANyQcBSaw3Ni+KV7MUAgvUUbmCsQmcPVrcc8dwuURSPixz2qTJdJF6ABSKw=="
    },
    "node_modules/ansi-regex": {
      "version": "4.1.1",
      "resolved": "https://registry.npmjs.org/ansi-regex/-/ansi-regex-4.1.1.tgz",
      "integrity": "sha512-ILlv4k/3f6vfQ4OoP2AGvirOktlQ98ZEL1k9FaQjxa3L1abBgbuTDAdPOpvbGncC0BTVQrl+OM8xZGK6tWXt7g==",
      "engines": {
        "node": ">=6"
      }
    },
    "node_modules/http": {
      "version": "0.0.1-security",
      "resolved": "https://registry.npmjs.org/http/-/http-0.0.1-security.tgz",
      "integrity": "sha512-RnDvP10Ty9FxqOtPZuxtebw1j4L/WiqNMDtuc1YMH1XQm5TgDRaR1G9u8upL6KD1bXHSp9eSXo/ED+8Q7FAr+g=="
    },
    "node_modules/prompt-sync": {
      "version": "4.2.0",
      "resolved": "https://registry.npmjs.org/prompt-sync/-/prompt-sync-4.2.0.tgz",
      "integrity": "sha512-BuEzzc5zptP5LsgV5MZETjDaKSWfchl5U9Luiu8SKp7iZWD5tZalOxvNcZRwv+d2phNFr8xlbxmFNcRKfJOzJw==",
      "dependencies": {
        "strip-ansi": "^5.0.0"
      }
    },
    "node_modules/strip-ansi": {
      "version": "5.2.0",
      "resolved": "https://registry.npmjs.org/strip-ansi/-/strip-ansi-5.2.0.tgz",
      "integrity": "sha512-DuRs1gKbBqsMKIZlrffwlug8MHkcnpjs5VPmL1PAh+mA30U0DTotfDZ0d2UUsXpPmPmMMJ6W773MaA3J+lbiWA==",
      "dependencies": {
        "ansi-regex": "^4.1.0"
      },
      "engines": {
        "node": ">=6"
      }
    }
  },
  "dependencies": {
    "@types/node": {
      "version": "18.11.10",
      "resolved": "https://registry.npmjs.org/@types/node/-/node-18.11.10.tgz",
      "integrity": "sha512-juG3RWMBOqcOuXC643OAdSA525V44cVgGV6dUDuiFtss+8Fk5x1hI93Rsld43VeJVIeqlP9I7Fn9/qaVqoEAuQ==",
      "dev": true
    },
    "@types/prompt-sync": {
      "version": "4.2.0",
      "resolved": "https://registry.npmjs.org/@types/prompt-sync/-/prompt-sync-4.2.0.tgz",
      "integrity": "sha512-5RPQYDT7MNkt+vq6xp58tSPx4THANyQcBSaw3Ni+KV7MUAgvUUbmCsQmcPVrcc8dwuURSPixz2qTJdJF6ABSKw=="
    },
    "ansi-regex": {
      "version": "4.1.1",
      "resolved": "https://registry.npmjs.org/ansi-regex/-/ansi-regex-4.1.1.tgz",
      "integrity": "sha512-ILlv4k/3f6vfQ4OoP2AGvirOktlQ98ZEL1k9FaQjxa3L1abBgbuTDAdPOpvbGncC0BTVQrl+OM8xZGK6tWXt7g=="
    },
    "http": {
      "version": "0.0.1-security",
      "resolved": "https://registry.npmjs.org/http/-/http-0.0.1-security.tgz",
      "integrity": "sha512-RnDvP10Ty9FxqOtPZuxtebw1j4L/WiqNMDtuc1YMH1XQm5TgDRaR1G9u8upL6KD1bXHSp9eSXo/ED+8Q7FAr+g=="
    },
    "prompt-sync": {
      "version": "4.2.0",
      "resolved": "https://registry.npmjs.org/prompt-sync/-/prompt-sync-4.2.0.tgz",
      "integrity": "sha512-BuEzzc5zptP5LsgV5MZETjDaKSWfchl5U9Luiu8SKp7iZWD5tZalOxvNcZRwv+d2phNFr8xlbxmFNcRKfJOzJw==",
      "requires": {
        "strip-ansi": "^5.0.0"
      }
    },
    "strip-ansi": {
      "version": "5.2.0",
      "resolved": "https://registry.npmjs.org/strip-ansi/-/strip-ansi-5.2.0.tgz",
      "integrity": "sha512-DuRs1gKbBqsMKIZlrffwlug8MHkcnpjs5VPmL1PAh+mA30U0DTotfDZ0d2UUsXpPmPmMMJ6W773MaA3J+lbiWA==",
      "requires": {
        "ansi-regex": "^4.1.0"
      }
    }
  }
}
